
Microsoft Visual Studio Solution File, Format Version 12.00
Project("{FAE04EC0-301F-11D3-BF4B-00C04F79EFBC}") = "CubeTimer", "CubeTimer\CubeTimer.csproj", "{89281080-D650-4BD8-A996-6A9CC6D8DFFF}"
EndProject
Global
	GlobalSection(SolutionConfigurationPlatforms) = preSolution
		Debug|Any CPU = Debug|Any CPU
		Release|Any CPU = Release|Any CPU
	EndGlobalSection
	GlobalSection(ProjectConfigurationPlatforms) = postSolution
		{89281080-D650-4BD8-A996-6A9CC6D8DFFF}.Debug|Any CPU.ActiveCfg = Debug|Any CPU
		{89281080-D650-4BD8-A996-6A9CC6D8DFFF}.Debug|Any CPU.Build.0 = Debug|Any CPU
		{89281080-D650-4BD8-A996-6A9CC6D8DFFF}.Release|Any CPU.ActiveCfg = Release|Any CPU
		{89281080-D650-4BD8-A996-6A9CC6D8DFFF}.Release|Any CPU.Build.0 = Release|Any CPU
	EndGlobalSection
EndGlobal
